{
  "name": "khalid",
  "lockfileVersion": 3,
  "requires": true,
  "packages": {
    "": {
      "dependencies": {
        "@fontsource/cairo": "^5.2.7"
      }
    },
    "node_modules/@fontsource/cairo": {
      "version": "5.2.7",
      "resolved": "https://registry.npmjs.org/@fontsource/cairo/-/cairo-5.2.7.tgz",
      "integrity": "sha512-t9UGffaDSoAHYmGS5bR5rM79B93wrhj38Co9mnT43B/PjuaXc6ErrMo+upL2I0Yvik7I47uTC79aRmBWPh0Y6Q==",
      "license": "OFL-1.1",
      "funding": {
        "url": "https://github.com/sponsors/ayuhito"
      }
    }
  }
}
